// !$*UTF8*$!
{
	archiveVersion = 1;
	classes = {
	};
	objectVersion = 46;
	objects = {

/* Begin PBXBuildFile section */
		6560141C1ACB9CE900E7E498 /* Foundation.framework in Frameworks */ = {isa = PBXBuildFile; fileRef = 6560141B1ACB9CE900E7E498 /* Foundation.framework */; };
		6560141E1ACB9CE900E7E498 /* CoreGraphics.framework in Frameworks */ = {isa = PBXBuildFile; fileRef = 6560141D1ACB9CE900E7E498 /* CoreGraphics.framework */; };
		656014201ACB9CE900E7E498 /* UIKit.framework in Frameworks */ = {isa = PBXBuildFile; fileRef = 6560141F1ACB9CE900E7E498 /* UIKit.framework */; };
		656014261ACB9CE900E7E498 /* InfoPlist.strings in Resources */ = {isa = PBXBuildFile; fileRef = 656014241ACB9CE900E7E498 /* InfoPlist.strings */; };
		656014281ACB9CE900E7E498 /* main.m in Sources */ = {isa = PBXBuildFile; fileRef = 656014271ACB9CE900E7E498 /* main.m */; };
		6560142E1ACB9CE900E7E498 /* Images.xcassets in Resources */ = {isa = PBXBuildFile; fileRef = 6560142D1ACB9CE900E7E498 /* Images.xcassets */; };
		656014351ACB9CE900E7E498 /* XCTest.framework in Frameworks */ = {isa = PBXBuildFile; fileRef = 656014341ACB9CE900E7E498 /* XCTest.framework */; };
		656014361ACB9CE900E7E498 /* Foundation.framework in Frameworks */ = {isa = PBXBuildFile; fileRef = 6560141B1ACB9CE900E7E498 /* Foundation.framework */; };
		656014371ACB9CE900E7E498 /* UIKit.framework in Frameworks */ = {isa = PBXBuildFile; fileRef = 6560141F1ACB9CE900E7E498 /* UIKit.framework */; };
		6560143F1ACB9CE900E7E498 /* InfoPlist.strings in Resources */ = {isa = PBXBuildFile; fileRef = 6560143D1ACB9CE900E7E498 /* InfoPlist.strings */; };
		656014411ACB9CE900E7E498 /* StcokedTests.m in Sources */ = {isa = PBXBuildFile; fileRef = 656014401ACB9CE900E7E498 /* StcokedTests.m */; };
		6560144F1ACB9DE000E7E498 /* STAppDelegate.m in Sources */ = {isa = PBXBuildFile; fileRef = 6560144C1ACB9DE000E7E498 /* STAppDelegate.m */; };
		656014571ACB9F3600E7E498 /* STLoginViewController.m in Sources */ = {isa = PBXBuildFile; fileRef = 656014561ACB9F3600E7E498 /* STLoginViewController.m */; };
		656798C61ACBE3AE00417EA3 /* STForgetViewController.m in Sources */ = {isa = PBXBuildFile; fileRef = 656798C51ACBE3AE00417EA3 /* STForgetViewController.m */; };
		656798CC1ACBE55E00417EA3 /* STResetBack.png in Resources */ = {isa = PBXBuildFile; fileRef = 656798C81ACBE55E00417EA3 /* STResetBack.png */; };
		656798CD1ACBE55E00417EA3 /* STResetNavBar.png in Resources */ = {isa = PBXBuildFile; fileRef = 656798C91ACBE55E00417EA3 /* STResetNavBar.png */; };
		656798CE1ACBE55E00417EA3 /* STResetSendMail.png in Resources */ = {isa = PBXBuildFile; fileRef = 656798CA1ACBE55E00417EA3 /* STResetSendMail.png */; };
		656798CF1ACBE55E00417EA3 /* STResetTexts.png in Resources */ = {isa = PBXBuildFile; fileRef = 656798CB1ACBE55E00417EA3 /* STResetTexts.png */; };
		656798D11ACBE7A200417EA3 /* STRessetEmail.png in Resources */ = {isa = PBXBuildFile; fileRef = 656798D01ACBE7A200417EA3 /* STRessetEmail.png */; };
		656798D51ACBF10C00417EA3 /* STHomeViewController.m in Sources */ = {isa = PBXBuildFile; fileRef = 656798D41ACBF10C00417EA3 /* STHomeViewController.m */; };
		656798D71ACBF1D100417EA3 /* STTempBG.png in Resources */ = {isa = PBXBuildFile; fileRef = 656798D61ACBF1D100417EA3 /* STTempBG.png */; };
		6576D2FB1ACBA3F700D841A5 /* Default.png in Resources */ = {isa = PBXBuildFile; fileRef = 6576D2FA1ACBA3F700D841A5 /* Default.png */; };
		6576D2FD1ACBA40000D841A5 /* Default@2x.png in Resources */ = {isa = PBXBuildFile; fileRef = 6576D2FC1ACBA40000D841A5 /* Default@2x.png */; };
		6576D2FF1ACBA40600D841A5 /* Default-568h@2x.png in Resources */ = {isa = PBXBuildFile; fileRef = 6576D2FE1ACBA40600D841A5 /* Default-568h@2x.png */; };
		658CD9101ACD64FA00AE50BC /* TempBtn.png in Resources */ = {isa = PBXBuildFile; fileRef = 658CD90F1ACD64FA00AE50BC /* TempBtn.png */; };
		65905EB41ACBA80B00560A06 /* STCommonBg.png in Resources */ = {isa = PBXBuildFile; fileRef = 65905EB31ACBA80B00560A06 /* STCommonBg.png */; };
		65905EBD1ACBAA3F00560A06 /* STCommonBg.png in Resources */ = {isa = PBXBuildFile; fileRef = 65905EB61ACBAA3F00560A06 /* STCommonBg.png */; };
		65905EBE1ACBAA3F00560A06 /* STFBLoginBtn.png in Resources */ = {isa = PBXBuildFile; fileRef = 65905EB71ACBAA3F00560A06 /* STFBLoginBtn.png */; };
		65905EBF1ACBAA3F00560A06 /* STForgetPasswordBtn.png in Resources */ = {isa = PBXBuildFile; fileRef = 65905EB81ACBAA3F00560A06 /* STForgetPasswordBtn.png */; };
		65905EC01ACBAA3F00560A06 /* STLoginBtn.png in Resources */ = {isa = PBXBuildFile; fileRef = 65905EB91ACBAA3F00560A06 /* STLoginBtn.png */; };
		65905EC11ACBAA3F00560A06 /* STLoginNavBar1.png in Resources */ = {isa = PBXBuildFile; fileRef = 65905EBA1ACBAA3F00560A06 /* STLoginNavBar1.png */; };
		65905EC21ACBAA3F00560A06 /* STloginOr.png in Resources */ = {isa = PBXBuildFile; fileRef = 65905EBB1ACBAA3F00560A06 /* STloginOr.png */; };
		65905EC31ACBAA3F00560A06 /* STloginUserAndPassword.png in Resources */ = {isa = PBXBuildFile; fileRef = 65905EBC1ACBAA3F00560A06 /* STloginUserAndPassword.png */; };
		65905EC51ACBAA6E00560A06 /* STCommonLogo.png in Resources */ = {isa = PBXBuildFile; fileRef = 65905EC41ACBAA6E00560A06 /* STCommonLogo.png */; };
		65905ECB1ACBC27600560A06 /* STLoginNavBar2.png in Resources */ = {isa = PBXBuildFile; fileRef = 65905EC71ACBC27600560A06 /* STLoginNavBar2.png */; };
		65905ECC1ACBC27600560A06 /* STPrivacyPolicy.png in Resources */ = {isa = PBXBuildFile; fileRef = 65905EC81ACBC27600560A06 /* STPrivacyPolicy.png */; };
		65905ECD1ACBC27600560A06 /* STRegister.png in Resources */ = {isa = PBXBuildFile; fileRef = 65905EC91ACBC27600560A06 /* STRegister.png */; };
		65905ECE1ACBC27600560A06 /* STRegisterText.png in Resources */ = {isa = PBXBuildFile; fileRef = 65905ECA1ACBC27600560A06 /* STRegisterText.png */; };
		65CC7ADF1ACD5D2D00451842 /* cameraImage.png in Resources */ = {isa = PBXBuildFile; fileRef = 65CC7AD01ACD5D2D00451842 /* cameraImage.png */; };
		65CC7AE01ACD5D2D00451842 /* homeImage.png in Resources */ = {isa = PBXBuildFile; fileRef = 65CC7AD11ACD5D2D00451842 /* homeImage.png */; };
		65CC7AE11ACD5D2D00451842 /* messagImages.png in Resources */ = {isa = PBXBuildFile; fileRef = 65CC7AD21ACD5D2D00451842 /* messagImages.png */; };
		65CC7AE21ACD5D2D00451842 /* offerImages.png in Resources */ = {isa = PBXBuildFile; fileRef = 65CC7AD31ACD5D2D00451842 /* offerImages.png */; };
		65CC7AE31ACD5D2D00451842 /* profileImage.png in Resources */ = {isa = PBXBuildFile; fileRef = 65CC7AD41ACD5D2D00451842 /* profileImage.png */; };
		65CC7AE41ACD5D2D00451842 /* serach_hastagImage.png in Resources */ = {isa = PBXBuildFile; fileRef = 65CC7AD51ACD5D2D00451842 /* serach_hastagImage.png */; };
		65CC7AE51ACD5D2D00451842 /* serach_userImage.png in Resources */ = {isa = PBXBuildFile; fileRef = 65CC7AD61ACD5D2D00451842 /* serach_userImage.png */; };
		65CC7AE61ACD5D2D00451842 /* STExploreTabBar.png in Resources */ = {isa = PBXBuildFile; fileRef = 65CC7AD71ACD5D2D00451842 /* STExploreTabBar.png */; };
		65CC7AE71ACD5D2D00451842 /* STHomeNavBar.png in Resources */ = {isa = PBXBuildFile; fileRef = 65CC7AD81ACD5D2D00451842 /* STHomeNavBar.png */; };
		65CC7AE81ACD5D2D00451842 /* STHomeSearch.png in Resources */ = {isa = PBXBuildFile; fileRef = 65CC7AD91ACD5D2D00451842 /* STHomeSearch.png */; };
		65CC7AE91ACD5D2D00451842 /* STHomeTabBar.png in Resources */ = {isa = PBXBuildFile; fileRef = 65CC7ADA1ACD5D2D00451842 /* STHomeTabBar.png */; };
		65CC7AEA1ACD5D2D00451842 /* STMessageTabBar.png in Resources */ = {isa = PBXBuildFile; fileRef = 65CC7ADB1ACD5D2D00451842 /* STMessageTabBar.png */; };
		65CC7AEB1ACD5D2D00451842 /* STProfileTabBar.png in Resources */ = {isa = PBXBuildFile; fileRef = 65CC7ADC1ACD5D2D00451842 /* STProfileTabBar.png */; };
		65CC7AEC1ACD5D2D00451842 /* STTabBar.png in Resources */ = {isa = PBXBuildFile; fileRef = 65CC7ADD1ACD5D2D00451842 /* STTabBar.png */; };
		65CC7AED1ACD5D2D00451842 /* STTabBarCameraBtn.png in Resources */ = {isa = PBXBuildFile; fileRef = 65CC7ADE1ACD5D2D00451842 /* STTabBarCameraBtn.png */; };
/* End PBXBuildFile section */

/* Begin PBXContainerItemProxy section */
		656014381ACB9CE900E7E498 /* PBXContainerItemProxy */ = {
			isa = PBXContainerItemProxy;
			containerPortal = 656014101ACB9CE900E7E498 /* Project object */;
			proxyType = 1;
			remoteGlobalIDString = 656014171ACB9CE900E7E498;
			remoteInfo = Stcoked;
		};
/* End PBXContainerItemProxy section */

/* Begin PBXFileReference section */
		656014181ACB9CE900E7E498 /* Stocked.app */ = {isa = PBXFileReference; explicitFileType = wrapper.application; includeInIndex = 0; path = Stocked.app; sourceTree = BUILT_PRODUCTS_DIR; };
		6560141B1ACB9CE900E7E498 /* Foundation.framework */ = {isa = PBXFileReference; lastKnownFileType = wrapper.framework; name = Foundation.framework; path = System/Library/Frameworks/Foundation.framework; sourceTree = SDKROOT; };
		6560141D1ACB9CE900E7E498 /* CoreGraphics.framework */ = {isa = PBXFileReference; lastKnownFileType = wrapper.framework; name = CoreGraphics.framework; path = System/Library/Frameworks/CoreGraphics.framework; sourceTree = SDKROOT; };
		6560141F1ACB9CE900E7E498 /* UIKit.framework */ = {isa = PBXFileReference; lastKnownFileType = wrapper.framework; name = UIKit.framework; path = System/Library/Frameworks/UIKit.framework; sourceTree = SDKROOT; };
		656014231ACB9CE900E7E498 /* Stcoked-Info.plist */ = {isa = PBXFileReference; lastKnownFileType = text.plist.xml; path = "Stcoked-Info.plist"; sourceTree = "<group>"; };
		656014251ACB9CE900E7E498 /* en */ = {isa = PBXFileReference; lastKnownFileType = text.plist.strings; name = en; path = en.lproj/InfoPlist.strings; sourceTree = "<group>"; };
		656014271ACB9CE900E7E498 /* main.m */ = {isa = PBXFileReference; lastKnownFileType = sourcecode.c.objc; path = main.m; sourceTree = "<group>"; };
		656014291ACB9CE900E7E498 /* Stcoked-Prefix.pch */ = {isa = PBXFileReference; lastKnownFileType = sourcecode.c.h; path = "Stcoked-Prefix.pch"; sourceTree = "<group>"; };
		6560142D1ACB9CE900E7E498 /* Images.xcassets */ = {isa = PBXFileReference; lastKnownFileType = folder.assetcatalog; path = Images.xcassets; sourceTree = "<group>"; };
		656014331ACB9CE900E7E498 /* StcokedTests.xctest */ = {isa = PBXFileReference; explicitFileType = wrapper.cfbundle; includeInIndex = 0; path = StcokedTests.xctest; sourceTree = BUILT_PRODUCTS_DIR; };
		656014341ACB9CE900E7E498 /* XCTest.framework */ = {isa = PBXFileReference; lastKnownFileType = wrapper.framework; name = XCTest.framework; path = Library/Frameworks/XCTest.framework; sourceTree = DEVELOPER_DIR; };
		6560143C1ACB9CE900E7E498 /* StcokedTests-Info.plist */ = {isa = PBXFileReference; lastKnownFileType = text.plist.xml; path = "StcokedTests-Info.plist"; sourceTree = "<group>"; };
		6560143E1ACB9CE900E7E498 /* en */ = {isa = PBXFileReference; lastKnownFileType = text.plist.strings; name = en; path = en.lproj/InfoPlist.strings; sourceTree = "<group>"; };
		656014401ACB9CE900E7E498 /* StcokedTests.m */ = {isa = PBXFileReference; lastKnownFileType = sourcecode.c.objc; path = StcokedTests.m; sourceTree = "<group>"; };
		6560144B1ACB9DE000E7E498 /* STAppDelegate.h */ = {isa = PBXFileReference; fileEncoding = 4; lastKnownFileType = sourcecode.c.h; path = STAppDelegate.h; sourceTree = "<group>"; };
		6560144C1ACB9DE000E7E498 /* STAppDelegate.m */ = {isa = PBXFileReference; fileEncoding = 4; lastKnownFileType = sourcecode.c.objc; path = STAppDelegate.m; sourceTree = "<group>"; };
		656014551ACB9F3600E7E498 /* STLoginViewController.h */ = {isa = PBXFileReference; fileEncoding = 4; lastKnownFileType = sourcecode.c.h; path = STLoginViewController.h; sourceTree = "<group>"; };
		656014561ACB9F3600E7E498 /* STLoginViewController.m */ = {isa = PBXFileReference; fileEncoding = 4; lastKnownFileType = sourcecode.c.objc; path = STLoginViewController.m; sourceTree = "<group>"; };
		656798C41ACBE3AE00417EA3 /* STForgetViewController.h */ = {isa = PBXFileReference; fileEncoding = 4; lastKnownFileType = sourcecode.c.h; path = STForgetViewController.h; sourceTree = "<group>"; };
		656798C51ACBE3AE00417EA3 /* STForgetViewController.m */ = {isa = PBXFileReference; fileEncoding = 4; lastKnownFileType = sourcecode.c.objc; path = STForgetViewController.m; sourceTree = "<group>"; };
		656798C81ACBE55E00417EA3 /* STResetBack.png */ = {isa = PBXFileReference; lastKnownFileType = image.png; path = STResetBack.png; sourceTree = "<group>"; };
		656798C91ACBE55E00417EA3 /* STResetNavBar.png */ = {isa = PBXFileReference; lastKnownFileType = image.png; path = STResetNavBar.png; sourceTree = "<group>"; };
		656798CA1ACBE55E00417EA3 /* STResetSendMail.png */ = {isa = PBXFileReference; lastKnownFileType = image.png; path = STResetSendMail.png; sourceTree = "<group>"; };
		656798CB1ACBE55E00417EA3 /* STResetTexts.png */ = {isa = PBXFileReference; lastKnownFileType = image.png; path = STResetTexts.png; sourceTree = "<group>"; };
		656798D01ACBE7A200417EA3 /* STRessetEmail.png */ = {isa = PBXFileReference; lastKnownFileType = image.png; path = STRessetEmail.png; sourceTree = "<group>"; };
		656798D31ACBF10C00417EA3 /* STHomeViewController.h */ = {isa = PBXFileReference; fileEncoding = 4; lastKnownFileType = sourcecode.c.h; path = STHomeViewController.h; sourceTree = "<group>"; };
		656798D41ACBF10C00417EA3 /* STHomeViewController.m */ = {isa = PBXFileReference; fileEncoding = 4; lastKnownFileType = sourcecode.c.objc; path = STHomeViewController.m; sourceTree = "<group>"; };
		656798D61ACBF1D100417EA3 /* STTempBG.png */ = {isa = PBXFileReference; lastKnownFileType = image.png; path = STTempBG.png; sourceTree = "<group>"; };
		6576D2FA1ACBA3F700D841A5 /* Default.png */ = {isa = PBXFileReference; lastKnownFileType = image.png; path = Default.png; sourceTree = "<group>"; };
		6576D2FC1ACBA40000D841A5 /* Default@2x.png */ = {isa = PBXFileReference; lastKnownFileType = image.png; path = "Default@2x.png"; sourceTree = "<group>"; };
		6576D2FE1ACBA40600D841A5 /* Default-568h@2x.png */ = {isa = PBXFileReference; lastKnownFileType = image.png; path = "Default-568h@2x.png"; sourceTree = "<group>"; };
		658CD90F1ACD64FA00AE50BC /* TempBtn.png */ = {isa = PBXFileReference; lastKnownFileType = image.png; path = TempBtn.png; sourceTree = "<group>"; };
		65905EB31ACBA80B00560A06 /* STCommonBg.png */ = {isa = PBXFileReference; lastKnownFileType = image.png; path = STCommonBg.png; sourceTree = "<group>"; };
		65905EB61ACBAA3F00560A06 /* STCommonBg.png */ = {isa = PBXFileReference; lastKnownFileType = image.png; path = STCommonBg.png; sourceTree = "<group>"; };
		65905EB71ACBAA3F00560A06 /* STFBLoginBtn.png */ = {isa = PBXFileReference; lastKnownFileType = image.png; path = STFBLoginBtn.png; sourceTree = "<group>"; };
		65905EB81ACBAA3F00560A06 /* STForgetPasswordBtn.png */ = {isa = PBXFileReference; lastKnownFileType = image.png; path = STForgetPasswordBtn.png; sourceTree = "<group>"; };
		65905EB91ACBAA3F00560A06 /* STLoginBtn.png */ = {isa = PBXFileReference; lastKnownFileType = image.png; path = STLoginBtn.png; sourceTree = "<group>"; };
		65905EBA1ACBAA3F00560A06 /* STLoginNavBar1.png */ = {isa = PBXFileReference; lastKnownFileType = image.png; path = STLoginNavBar1.png; sourceTree = "<group>"; };
		65905EBB1ACBAA3F00560A06 /* STloginOr.png */ = {isa = PBXFileReference; lastKnownFileType = image.png; path = STloginOr.png; sourceTree = "<group>"; };
		65905EBC1ACBAA3F00560A06 /* STloginUserAndPassword.png */ = {isa = PBXFileReference; lastKnownFileType = image.png; path = STloginUserAndPassword.png; sourceTree = "<group>"; };
		65905EC41ACBAA6E00560A06 /* STCommonLogo.png */ = {isa = PBXFileReference; lastKnownFileType = image.png; path = STCommonLogo.png; sourceTree = "<group>"; };
		65905EC71ACBC27600560A06 /* STLoginNavBar2.png */ = {isa = PBXFileReference; lastKnownFileType = image.png; path = STLoginNavBar2.png; sourceTree = "<group>"; };
		65905EC81ACBC27600560A06 /* STPrivacyPolicy.png */ = {isa = PBXFileReference; lastKnownFileType = image.png; path = STPrivacyPolicy.png; sourceTree = "<group>"; };
		65905EC91ACBC27600560A06 /* STRegister.png */ = {isa = PBXFileReference; lastKnownFileType = image.png; path = STRegister.png; sourceTree = "<group>"; };
		65905ECA1ACBC27600560A06 /* STRegisterText.png */ = {isa = PBXFileReference; lastKnownFileType = image.png; path = STRegisterText.png; sourceTree = "<group>"; };
		65CC7AD01ACD5D2D00451842 /* cameraImage.png */ = {isa = PBXFileReference; lastKnownFileType = image.png; path = cameraImage.png; sourceTree = "<group>"; };
		65CC7AD11ACD5D2D00451842 /* homeImage.png */ = {isa = PBXFileReference; lastKnownFileType = image.png; path = homeImage.png; sourceTree = "<group>"; };
		65CC7AD21ACD5D2D00451842 /* messagImages.png */ = {isa = PBXFileReference; lastKnownFileType = image.png; path = messagImages.png; sourceTree = "<group>"; };
		65CC7AD31ACD5D2D00451842 /* offerImages.png */ = {isa = PBXFileReference; lastKnownFileType = image.png; path = offerImages.png; sourceTree = "<group>"; };
		65CC7AD41ACD5D2D00451842 /* profileImage.png */ = {isa = PBXFileReference; lastKnownFileType = image.png; path = profileImage.png; sourceTree = "<group>"; };
		65CC7AD51ACD5D2D00451842 /* serach_hastagImage.png */ = {isa = PBXFileReference; lastKnownFileType = image.png; path = serach_hastagImage.png; sourceTree = "<group>"; };
		65CC7AD61ACD5D2D00451842 /* serach_userImage.png */ = {isa = PBXFileReference; lastKnownFileType = image.png; path = serach_userImage.png; sourceTree = "<group>"; };
		65CC7AD71ACD5D2D00451842 /* STExploreTabBar.png */ = {isa = PBXFileReference; lastKnownFileType = image.png; path = STExploreTabBar.png; sourceTree = "<group>"; };
		65CC7AD81ACD5D2D00451842 /* STHomeNavBar.png */ = {isa = PBXFileReference; lastKnownFileType = image.png; path = STHomeNavBar.png; sourceTree = "<group>"; };
		65CC7AD91ACD5D2D00451842 /* STHomeSearch.png */ = {isa = PBXFileReference; lastKnownFileType = image.png; path = STHomeSearch.png; sourceTree = "<group>"; };
		65CC7ADA1ACD5D2D00451842 /* STHomeTabBar.png */ = {isa = PBXFileReference; lastKnownFileType = image.png; path = STHomeTabBar.png; sourceTree = "<group>"; };
		65CC7ADB1ACD5D2D00451842 /* STMessageTabBar.png */ = {isa = PBXFileReference; lastKnownFileType = image.png; path = STMessageTabBar.png; sourceTree = "<group>"; };
		65CC7ADC1ACD5D2D00451842 /* STProfileTabBar.png */ = {isa = PBXFileReference; lastKnownFileType = image.png; path = STProfileTabBar.png; sourceTree = "<group>"; };
		65CC7ADD1ACD5D2D00451842 /* STTabBar.png */ = {isa = PBXFileReference; lastKnownFileType = image.png; path = STTabBar.png; sourceTree = "<group>"; };
		65CC7ADE1ACD5D2D00451842 /* STTabBarCameraBtn.png */ = {isa = PBXFileReference; lastKnownFileType = image.png; path = STTabBarCameraBtn.png; sourceTree = "<group>"; };
/* End PBXFileReference section */

/* Begin PBXFrameworksBuildPhase section */
		656014151ACB9CE900E7E498 /* Frameworks */ = {
			isa = PBXFrameworksBuildPhase;
			buildActionMask = 2147483647;
			files = (
				6560141E1ACB9CE900E7E498 /* CoreGraphics.framework in Frameworks */,
				656014201ACB9CE900E7E498 /* UIKit.framework in Frameworks */,
				6560141C1ACB9CE900E7E498 /* Foundation.framework in Frameworks */,
			);
			runOnlyForDeploymentPostprocessing = 0;
		};
		656014301ACB9CE900E7E498 /* Frameworks */ = {
			isa = PBXFrameworksBuildPhase;
			buildActionMask = 2147483647;
			files = (
				656014351ACB9CE900E7E498 /* XCTest.framework in Frameworks */,
				656014371ACB9CE900E7E498 /* UIKit.framework in Frameworks */,
				656014361ACB9CE900E7E498 /* Foundation.framework in Frameworks */,
			);
			runOnlyForDeploymentPostprocessing = 0;
		};
/* End PBXFrameworksBuildPhase section */

/* Begin PBXGroup section */
		6560140F1ACB9CE900E7E498 = {
			isa = PBXGroup;
			children = (
				6576D2FE1ACBA40600D841A5 /* Default-568h@2x.png */,
				6576D2FC1ACBA40000D841A5 /* Default@2x.png */,
				6576D2FA1ACBA3F700D841A5 /* Default.png */,
				656014211ACB9CE900E7E498 /* Stcoked */,
				6560143A1ACB9CE900E7E498 /* StcokedTests */,
				6560141A1ACB9CE900E7E498 /* Frameworks */,
				656014191ACB9CE900E7E498 /* Products */,
			);
			sourceTree = "<group>";
		};
		656014191ACB9CE900E7E498 /* Products */ = {
			isa = PBXGroup;
			children = (
				656014181ACB9CE900E7E498 /* Stocked.app */,
				656014331ACB9CE900E7E498 /* StcokedTests.xctest */,
			);
			name = Products;
			sourceTree = "<group>";
		};
		6560141A1ACB9CE900E7E498 /* Frameworks */ = {
			isa = PBXGroup;
			children = (
				6560141B1ACB9CE900E7E498 /* Foundation.framework */,
				6560141D1ACB9CE900E7E498 /* CoreGraphics.framework */,
				6560141F1ACB9CE900E7E498 /* UIKit.framework */,
				656014341ACB9CE900E7E498 /* XCTest.framework */,
			);
			name = Frameworks;
			sourceTree = "<group>";
		};
		656014211ACB9CE900E7E498 /* Stcoked */ = {
			isa = PBXGroup;
			children = (
				6560144A1ACB9DE000E7E498 /* STAppDelegate */,
				6560144D1ACB9DE000E7E498 /* STResources */,
				6560144E1ACB9DE000E7E498 /* STViewControllers */,
				6560142D1ACB9CE900E7E498 /* Images.xcassets */,
				656014221ACB9CE900E7E498 /* Supporting Files */,
			);
			path = Stcoked;
			sourceTree = "<group>";
		};
		656014221ACB9CE900E7E498 /* Supporting Files */ = {
			isa = PBXGroup;
			children = (
				656014231ACB9CE900E7E498 /* Stcoked-Info.plist */,
				656014241ACB9CE900E7E498 /* InfoPlist.strings */,
				656014271ACB9CE900E7E498 /* main.m */,
				656014291ACB9CE900E7E498 /* Stcoked-Prefix.pch */,
			);
			name = "Supporting Files";
			sourceTree = "<group>";
		};
		6560143A1ACB9CE900E7E498 /* StcokedTests */ = {
			isa = PBXGroup;
			children = (
				656014401ACB9CE900E7E498 /* StcokedTests.m */,
				6560143B1ACB9CE900E7E498 /* Supporting Files */,
			);
			path = StcokedTests;
			sourceTree = "<group>";
		};
		6560143B1ACB9CE900E7E498 /* Supporting Files */ = {
			isa = PBXGroup;
			children = (
				6560143C1ACB9CE900E7E498 /* StcokedTests-Info.plist */,
				6560143D1ACB9CE900E7E498 /* InfoPlist.strings */,
			);
			name = "Supporting Files";
			sourceTree = "<group>";
		};
		6560144A1ACB9DE000E7E498 /* STAppDelegate */ = {
			isa = PBXGroup;
			children = (
				6560144B1ACB9DE000E7E498 /* STAppDelegate.h */,
				6560144C1ACB9DE000E7E498 /* STAppDelegate.m */,
			);
			path = STAppDelegate;
			sourceTree = "<group>";
		};
		6560144D1ACB9DE000E7E498 /* STResources */ = {
			isa = PBXGroup;
			children = (
				65CC7ACF1ACD5D2D00451842 /* Temp */,
				656798C71ACBE55E00417EA3 /* STForget */,
				65905EC61ACBC27600560A06 /* STRegister */,
				65905EB51ACBAA3F00560A06 /* STLogin */,
				65905EB21ACBA80B00560A06 /* STCommon */,
			);
			path = STResources;
			sourceTree = "<group>";
		};
		6560144E1ACB9DE000E7E498 /* STViewControllers */ = {
			isa = PBXGroup;
			children = (
				656798D21ACBF10000417EA3 /* STHomeViewController */,
				656798C31ACBE39E00417EA3 /* STForgetViewController */,
				656014501ACB9F1100E7E498 /* STLoginViewController */,
			);
			path = STViewControllers;
			sourceTree = "<group>";
		};
		656014501ACB9F1100E7E498 /* STLoginViewController */ = {
			isa = PBXGroup;
			children = (
				656014551ACB9F3600E7E498 /* STLoginViewController.h */,
				656014561ACB9F3600E7E498 /* STLoginViewController.m */,
			);
			path = STLoginViewController;
			sourceTree = "<group>";
		};
		656798C31ACBE39E00417EA3 /* STForgetViewController */ = {
			isa = PBXGroup;
			children = (
				656798C41ACBE3AE00417EA3 /* STForgetViewController.h */,
				656798C51ACBE3AE00417EA3 /* STForgetViewController.m */,
			);
			path = STForgetViewController;
			sourceTree = "<group>";
		};
		656798C71ACBE55E00417EA3 /* STForget */ = {
			isa = PBXGroup;
			children = (
				656798D01ACBE7A200417EA3 /* STRessetEmail.png */,
				656798C81ACBE55E00417EA3 /* STResetBack.png */,
				656798C91ACBE55E00417EA3 /* STResetNavBar.png */,
				656798CA1ACBE55E00417EA3 /* STResetSendMail.png */,
				656798CB1ACBE55E00417EA3 /* STResetTexts.png */,
			);
			path = STForget;
			sourceTree = "<group>";
		};
		656798D21ACBF10000417EA3 /* STHomeViewController */ = {
			isa = PBXGroup;
			children = (
				656798D31ACBF10C00417EA3 /* STHomeViewController.h */,
				656798D41ACBF10C00417EA3 /* STHomeViewController.m */,
			);
			path = STHomeViewController;
			sourceTree = "<group>";
		};
		65905EB21ACBA80B00560A06 /* STCommon */ = {
			isa = PBXGroup;
			children = (
				656798D61ACBF1D100417EA3 /* STTempBG.png */,
				65905EC41ACBAA6E00560A06 /* STCommonLogo.png */,
				65905EB31ACBA80B00560A06 /* STCommonBg.png */,
			);
			path = STCommon;
			sourceTree = "<group>";
		};
		65905EB51ACBAA3F00560A06 /* STLogin */ = {
			isa = PBXGroup;
			children = (
				65905EB61ACBAA3F00560A06 /* STCommonBg.png */,
				65905EB71ACBAA3F00560A06 /* STFBLoginBtn.png */,
				65905EB81ACBAA3F00560A06 /* STForgetPasswordBtn.png */,
				65905EB91ACBAA3F00560A06 /* STLoginBtn.png */,
				65905EBA1ACBAA3F00560A06 /* STLoginNavBar1.png */,
				65905EBB1ACBAA3F00560A06 /* STloginOr.png */,
				65905EBC1ACBAA3F00560A06 /* STloginUserAndPassword.png */,
			);
			path = STLogin;
			sourceTree = "<group>";
		};
		65905EC61ACBC27600560A06 /* STRegister */ = {
			isa = PBXGroup;
			children = (
				65905EC71ACBC27600560A06 /* STLoginNavBar2.png */,
				65905EC81ACBC27600560A06 /* STPrivacyPolicy.png */,
				65905EC91ACBC27600560A06 /* STRegister.png */,
				65905ECA1ACBC27600560A06 /* STRegisterText.png */,
			);
			path = STRegister;
			sourceTree = "<group>";
		};
		65CC7ACF1ACD5D2D00451842 /* Temp */ = {
			isa = PBXGroup;
			children = (
				658CD90F1ACD64FA00AE50BC /* TempBtn.png */,
				65CC7AD01ACD5D2D00451842 /* cameraImage.png */,
				65CC7AD11ACD5D2D00451842 /* homeImage.png */,
				65CC7AD21ACD5D2D00451842 /* messagImages.png */,
				65CC7AD31ACD5D2D00451842 /* offerImages.png */,
				65CC7AD41ACD5D2D00451842 /* profileImage.png */,
				65CC7AD51ACD5D2D00451842 /* serach_hastagImage.png */,
				65CC7AD61ACD5D2D00451842 /* serach_userImage.png */,
				65CC7AD71ACD5D2D00451842 /* STExploreTabBar.png */,
				65CC7AD81ACD5D2D00451842 /* STHomeNavBar.png */,
				65CC7AD91ACD5D2D00451842 /* STHomeSearch.png */,
				65CC7ADA1ACD5D2D00451842 /* STHomeTabBar.png */,
				65CC7ADB1ACD5D2D00451842 /* STMessageTabBar.png */,
				65CC7ADC1ACD5D2D00451842 /* STProfileTabBar.png */,
				65CC7ADD1ACD5D2D00451842 /* STTabBar.png */,
				65CC7ADE1ACD5D2D00451842 /* STTabBarCameraBtn.png */,
			);
			path = Temp;
			sourceTree = "<group>";
		};
/* End PBXGroup section */

/* Begin PBXNativeTarget section */
		656014171ACB9CE900E7E498 /* Stcoked */ = {
			isa = PBXNativeTarget;
			buildConfigurationList = 656014441ACB9CE900E7E498 /* Build configuration list for PBXNativeTarget "Stcoked" */;
			buildPhases = (
				656014141ACB9CE900E7E498 /* Sources */,
				656014151ACB9CE900E7E498 /* Frameworks */,
				656014161ACB9CE900E7E498 /* Resources */,
			);
			buildRules = (
			);
			dependencies = (
			);
			name = Stcoked;
			productName = Stcoked;
			productReference = 656014181ACB9CE900E7E498 /* Stocked.app */;
			productType = "com.apple.product-type.application";
		};
		656014321ACB9CE900E7E498 /* StcokedTests */ = {
			isa = PBXNativeTarget;
			buildConfigurationList = 656014471ACB9CE900E7E498 /* Build configuration list for PBXNativeTarget "StcokedTests" */;
			buildPhases = (
				6560142F1ACB9CE900E7E498 /* Sources */,
				656014301ACB9CE900E7E498 /* Frameworks */,
				656014311ACB9CE900E7E498 /* Resources */,
			);
			buildRules = (
			);
			dependencies = (
				656014391ACB9CE900E7E498 /* PBXTargetDependency */,
			);
			name = StcokedTests;
			productName = StcokedTests;
			productReference = 656014331ACB9CE900E7E498 /* StcokedTests.xctest */;
			productType = "com.apple.product-type.bundle.unit-test";
		};
/* End PBXNativeTarget section */

/* Begin PBXProject section */
		656014101ACB9CE900E7E498 /* Project object */ = {
			isa = PBXProject;
			attributes = {
				LastUpgradeCheck = 0510;
				ORGANIZATIONNAME = "Jebaraj Daniel S";
				TargetAttributes = {
					656014171ACB9CE900E7E498 = {
						DevelopmentTeam = 69UVPAXT6E;
					};
					656014321ACB9CE900E7E498 = {
						TestTargetID = 656014171ACB9CE900E7E498;
					};
				};
			};
			buildConfigurationList = 656014131ACB9CE900E7E498 /* Build configuration list for PBXProject "Stcoked" */;
			compatibilityVersion = "Xcode 3.2";
			developmentRegion = English;
			hasScannedForEncodings = 0;
			knownRegions = (
				en,
			);
			mainGroup = 6560140F1ACB9CE900E7E498;
			productRefGroup = 656014191ACB9CE900E7E498 /* Products */;
			projectDirPath = "";
			projectRoot = "";
			targets = (
				656014171ACB9CE900E7E498 /* Stcoked */,
				656014321ACB9CE900E7E498 /* StcokedTests */,
			);
		};
/* End PBXProject section */

/* Begin PBXResourcesBuildPhase section */
		656014161ACB9CE900E7E498 /* Resources */ = {
			isa = PBXResourcesBuildPhase;
			buildActionMask = 2147483647;
			files = (
				65905EBD1ACBAA3F00560A06 /* STCommonBg.png in Resources */,
				656014261ACB9CE900E7E498 /* InfoPlist.strings in Resources */,
				6560142E1ACB9CE900E7E498 /* Images.xcassets in Resources */,
				65905EC01ACBAA3F00560A06 /* STLoginBtn.png in Resources */,
				65905EB41ACBA80B00560A06 /* STCommonBg.png in Resources */,
				65905EC21ACBAA3F00560A06 /* STloginOr.png in Resources */,
				65CC7AEA1ACD5D2D00451842 /* STMessageTabBar.png in Resources */,
				65CC7AE21ACD5D2D00451842 /* offerImages.png in Resources */,
				65CC7AE51ACD5D2D00451842 /* serach_userImage.png in Resources */,
				6576D2FB1ACBA3F700D841A5 /* Default.png in Resources */,
				65CC7AE11ACD5D2D00451842 /* messagImages.png in Resources */,
				65CC7AE41ACD5D2D00451842 /* serach_hastagImage.png in Resources */,
				65905ECD1ACBC27600560A06 /* STRegister.png in Resources */,
				6576D2FD1ACBA40000D841A5 /* Default@2x.png in Resources */,
				65CC7AE71ACD5D2D00451842 /* STHomeNavBar.png in Resources */,
				65CC7AEB1ACD5D2D00451842 /* STProfileTabBar.png in Resources */,
				6576D2FF1ACBA40600D841A5 /* Default-568h@2x.png in Resources */,
				65905EC11ACBAA3F00560A06 /* STLoginNavBar1.png in Resources */,
				65CC7AE31ACD5D2D00451842 /* profileImage.png in Resources */,
				656798CE1ACBE55E00417EA3 /* STResetSendMail.png in Resources */,
				65CC7AED1ACD5D2D00451842 /* STTabBarCameraBtn.png in Resources */,
				65905EC51ACBAA6E00560A06 /* STCommonLogo.png in Resources */,
				656798D71ACBF1D100417EA3 /* STTempBG.png in Resources */,
				65CC7AEC1ACD5D2D00451842 /* STTabBar.png in Resources */,
				658CD9101ACD64FA00AE50BC /* TempBtn.png in Resources */,
				656798CF1ACBE55E00417EA3 /* STResetTexts.png in Resources */,
				65CC7AE81ACD5D2D00451842 /* STHomeSearch.png in Resources */,
				65905ECC1ACBC27600560A06 /* STPrivacyPolicy.png in Resources */,
				65905EC31ACBAA3F00560A06 /* STloginUserAndPassword.png in Resources */,
				656798CC1ACBE55E00417EA3 /* STResetBack.png in Resources */,
				65905EBF1ACBAA3F00560A06 /* STForgetPasswordBtn.png in Resources */,
				65CC7AE61ACD5D2D00451842 /* STExploreTabBar.png in Resources */,
				656798CD1ACBE55E00417EA3 /* STResetNavBar.png in Resources */,
				65CC7ADF1ACD5D2D00451842 /* cameraImage.png in Resources */,
				65905ECB1ACBC27600560A06 /* STLoginNavBar2.png in Resources */,
				65905ECE1ACBC27600560A06 /* STRegisterText.png in Resources */,
				656798D11ACBE7A200417EA3 /* STRessetEmail.png in Resources */,
				65CC7AE01ACD5D2D00451842 /* homeImage.png in Resources */,
				65CC7AE91ACD5D2D00451842 /* STHomeTabBar.png in Resources */,
				65905EBE1ACBAA3F00560A06 /* STFBLoginBtn.png in Resources */,
			);
			runOnlyForDeploymentPostprocessing = 0;
		};
		656014311ACB9CE900E7E498 /* Resources */ = {
			isa = PBXResourcesBuildPhase;
			buildActionMask = 2147483647;
			files = (
				6560143F1ACB9CE900E7E498 /* InfoPlist.strings in Resources */,
			);
			runOnlyForDeploymentPostprocessing = 0;
		};
/* End PBXResourcesBuildPhase section */

/* Begin PBXSourcesBuildPhase section */
		656014141ACB9CE900E7E498 /* Sources */ = {
			isa = PBXSourcesBuildPhase;
			buildActionMask = 2147483647;
			files = (
				656798C61ACBE3AE00417EA3 /* STForgetViewController.m in Sources */,
				656014281ACB9CE900E7E498 /* main.m in Sources */,
				656014571ACB9F3600E7E498 /* STLoginViewController.m in Sources */,
				656798D51ACBF10C00417EA3 /* STHomeViewController.m in Sources */,
				6560144F1ACB9DE000E7E498 /* STAppDelegate.m in Sources */,
			);
			runOnlyForDeploymentPostprocessing = 0;
		};
		6560142F1ACB9CE900E7E498 /* Sources */ = {
			isa = PBXSourcesBuildPhase;
			buildActionMask = 2147483647;
			files = (
				656014411ACB9CE900E7E498 /* StcokedTests.m in Sources */,
			);
			runOnlyForDeploymentPostprocessing = 0;
		};
/* End PBXSourcesBuildPhase section */

/* Begin PBXTargetDependency section */
		656014391ACB9CE900E7E498 /* PBXTargetDependency */ = {
			isa = PBXTargetDependency;
			target = 656014171ACB9CE900E7E498 /* Stcoked */;
			targetProxy = 656014381ACB9CE900E7E498 /* PBXContainerItemProxy */;
		};
/* End PBXTargetDependency section */

/* Begin PBXVariantGroup section */
		656014241ACB9CE900E7E498 /* InfoPlist.strings */ = {
			isa = PBXVariantGroup;
			children = (
				656014251ACB9CE900E7E498 /* en */,
			);
			name = InfoPlist.strings;
			sourceTree = "<group>";
		};
		6560143D1ACB9CE900E7E498 /* InfoPlist.strings */ = {
			isa = PBXVariantGroup;
			children = (
				6560143E1ACB9CE900E7E498 /* en */,
			);
			name = InfoPlist.strings;
			sourceTree = "<group>";
		};
/* End PBXVariantGroup section */

/* Begin XCBuildConfiguration section */
		656014421ACB9CE900E7E498 /* Debug */ = {
			isa = XCBuildConfiguration;
			buildSettings = {
				ALWAYS_SEARCH_USER_PATHS = NO;
				CLANG_CXX_LANGUAGE_STANDARD = "gnu++0x";
				CLANG_CXX_LIBRARY = "libc++";
				CLANG_ENABLE_MODULES = YES;
				CLANG_ENABLE_OBJC_ARC = YES;
				CLANG_WARN_BOOL_CONVERSION = YES;
				CLANG_WARN_CONSTANT_CONVERSION = YES;
				CLANG_WARN_DIRECT_OBJC_ISA_USAGE = YES_ERROR;
				CLANG_WARN_EMPTY_BODY = YES;
				CLANG_WARN_ENUM_CONVERSION = YES;
				CLANG_WARN_INT_CONVERSION = YES;
				CLANG_WARN_OBJC_ROOT_CLASS = YES_ERROR;
				CLANG_WARN__DUPLICATE_METHOD_MATCH = YES;
				CODE_SIGN_IDENTITY = "iPhone Distribution: Ram Kumar (69UVPAXT6E)";
				"CODE_SIGN_IDENTITY[sdk=iphoneos*]" = "iPhone Distribution: Ram Kumar (69UVPAXT6E)";
				COPY_PHASE_STRIP = NO;
				GCC_C_LANGUAGE_STANDARD = gnu99;
				GCC_DYNAMIC_NO_PIC = NO;
				GCC_OPTIMIZATION_LEVEL = 0;
				GCC_PREPROCESSOR_DEFINITIONS = (
					"DEBUG=1",
					"$(inherited)",
				);
				GCC_SYMBOLS_PRIVATE_EXTERN = NO;
				GCC_WARN_64_TO_32_BIT_CONVERSION = YES;
				GCC_WARN_ABOUT_RETURN_TYPE = YES_ERROR;
				GCC_WARN_UNDECLARED_SELECTOR = YES;
				GCC_WARN_UNINITIALIZED_AUTOS = YES_AGGRESSIVE;
				GCC_WARN_UNUSED_FUNCTION = YES;
				GCC_WARN_UNUSED_VARIABLE = YES;
				IPHONEOS_DEPLOYMENT_TARGET = 7.1;
				ONLY_ACTIVE_ARCH = YES;
				PROVISIONING_PROFILE = "0603e2d6-888a-4113-8fcd-3058537331f4";
				"PROVISIONING_PROFILE[sdk=iphoneos*]" = "0603e2d6-888a-4113-8fcd-3058537331f4";
				SDKROOT = iphoneos;
				TARGETED_DEVICE_FAMILY = "1,2";
			};
			name = Debug;
		};
		656014431ACB9CE900E7E498 /* Release */ = {
			isa = XCBuildConfiguration;
			buildSettings = {
				ALWAYS_SEARCH_USER_PATHS = NO;
				CLANG_CXX_LANGUAGE_STANDARD = "gnu++0x";
				CLANG_CXX_LIBRARY = "libc++";
				CLANG_ENABLE_MODULES = YES;
				CLANG_ENABLE_OBJC_ARC = YES;
				CLANG_WARN_BOOL_CONVERSION = YES;
				CLANG_WARN_CONSTANT_CONVERSION = YES;
				CLANG_WARN_DIRECT_OBJC_ISA_USAGE = YES_ERROR;
				CLANG_WARN_EMPTY_BODY = YES;
				CLANG_WARN_ENUM_CONVERSION = YES;
				CLANG_WARN_INT_CONVERSION = YES;
				CLANG_WARN_OBJC_ROOT_CLASS = YES_ERROR;
				CLANG_WARN__DUPLICATE_METHOD_MATCH = YES;
				CODE_SIGN_IDENTITY = "iPhone Distribution: Ram Kumar (69UVPAXT6E)";
				"CODE_SIGN_IDENTITY[sdk=iphoneos*]" = "iPhone Distribution: Ram Kumar (69UVPAXT6E)";
				COPY_PHASE_STRIP = YES;
				ENABLE_NS_ASSERTIONS = NO;
				GCC_C_LANGUAGE_STANDARD = gnu99;
				GCC_WARN_64_TO_32_BIT_CONVERSION = YES;
				GCC_WARN_ABOUT_RETURN_TYPE = YES_ERROR;
				GCC_WARN_UNDECLARED_SELECTOR = YES;
				GCC_WARN_UNINITIALIZED_AUTOS = YES_AGGRESSIVE;
				GCC_WARN_UNUSED_FUNCTION = YES;
				GCC_WARN_UNUSED_VARIABLE = YES;
				IPHONEOS_DEPLOYMENT_TARGET = 7.1;
				PROVISIONING_PROFILE = "0603e2d6-888a-4113-8fcd-3058537331f4";
				"PROVISIONING_PROFILE[sdk=iphoneos*]" = "0603e2d6-888a-4113-8fcd-3058537331f4";
				SDKROOT = iphoneos;
				TARGETED_DEVICE_FAMILY = "1,2";
				VALIDATE_PRODUCT = YES;
			};
			name = Release;
		};
		656014451ACB9CE900E7E498 /* Debug */ = {
			isa = XCBuildConfiguration;
			buildSettings = {
				ASSETCATALOG_COMPILER_APPICON_NAME = AppIcon;
				ASSETCATALOG_COMPILER_LAUNCHIMAGE_NAME = LaunchImage;
				CODE_SIGN_IDENTITY = "iPhone Distribution: Ram Kumar (69UVPAXT6E)";
				"CODE_SIGN_IDENTITY[sdk=iphoneos*]" = "iPhone Distribution: Ram Kumar (69UVPAXT6E)";
				GCC_PRECOMPILE_PREFIX_HEADER = YES;
				GCC_PREFIX_HEADER = "Stcoked/Stcoked-Prefix.pch";
				INFOPLIST_FILE = "Stcoked/Stcoked-Info.plist";
				IPHONEOS_DEPLOYMENT_TARGET = 5.1.1;
				PRODUCT_NAME = Stocked;
				PROVISIONING_PROFILE = "0603e2d6-888a-4113-8fcd-3058537331f4";
				"PROVISIONING_PROFILE[sdk=iphoneos*]" = "0603e2d6-888a-4113-8fcd-3058537331f4";
				TARGETED_DEVICE_FAMILY = 1;
				WRAPPER_EXTENSION = app;
			};
			name = Debug;
		};
		656014461ACB9CE900E7E498 /* Release */ = {
			isa = XCBuildConfiguration;
			buildSettings = {
				ASSETCATALOG_COMPILER_APPICON_NAME = AppIcon;
				ASSETCATALOG_COMPILER_LAUNCHIMAGE_NAME = LaunchImage;
				CODE_SIGN_IDENTITY = "iPhone Distribution: Ram Kumar (69UVPAXT6E)";
				"CODE_SIGN_IDENTITY[sdk=iphoneos*]" = "iPhone Distribution: Ram Kumar (69UVPAXT6E)";
				GCC_PRECOMPILE_PREFIX_HEADER = YES;
				GCC_PREFIX_HEADER = "Stcoked/Stcoked-Prefix.pch";
				INFOPLIST_FILE = "Stcoked/Stcoked-Info.plist";
				IPHONEOS_DEPLOYMENT_TARGET = 5.1.1;
				PRODUCT_NAME = Stocked;
				PROVISIONING_PROFILE = "0603e2d6-888a-4113-8fcd-3058537331f4";
				"PROVISIONING_PROFILE[sdk=iphoneos*]" = "0603e2d6-888a-4113-8fcd-3058537331f4";
				TARGETED_DEVICE_FAMILY = 1;
				WRAPPER_EXTENSION = app;
			};
			name = Release;
		};
		656014481ACB9CE900E7E498 /* Debug */ = {
			isa = XCBuildConfiguration;
			buildSettings = {
				BUNDLE_LOADER = "$(BUILT_PRODUCTS_DIR)/Stcoked.app/Stcoked";
				FRAMEWORK_SEARCH_PATHS = (
					"$(SDKROOT)/Developer/Library/Frameworks",
					"$(inherited)",
					"$(DEVELOPER_FRAMEWORKS_DIR)",
				);
				GCC_PRECOMPILE_PREFIX_HEADER = YES;
				GCC_PREFIX_HEADER = "Stcoked/Stcoked-Prefix.pch";
				GCC_PREPROCESSOR_DEFINITIONS = (
					"DEBUG=1",
					"$(inherited)",
				);
				INFOPLIST_FILE = "StcokedTests/StcokedTests-Info.plist";
				PRODUCT_NAME = "$(TARGET_NAME)";
				TEST_HOST = "$(BUNDLE_LOADER)";
				WRAPPER_EXTENSION = xctest;
			};
			name = Debug;
		};
		656014491ACB9CE900E7E498 /* Release */ = {
			isa = XCBuildConfiguration;
			buildSettings = {
				BUNDLE_LOADER = "$(BUILT_PRODUCTS_DIR)/Stcoked.app/Stcoked";
				FRAMEWORK_SEARCH_PATHS = (
					"$(SDKROOT)/Developer/Library/Frameworks",
					"$(inherited)",
					"$(DEVELOPER_FRAMEWORKS_DIR)",
				);
				GCC_PRECOMPILE_PREFIX_HEADER = YES;
				GCC_PREFIX_HEADER = "Stcoked/Stcoked-Prefix.pch";
				INFOPLIST_FILE = "StcokedTests/StcokedTests-Info.plist";
				PRODUCT_NAME = "$(TARGET_NAME)";
				TEST_HOST = "$(BUNDLE_LOADER)";
				WRAPPER_EXTENSION = xctest;
			};
			name = Release;
		};
/* End XCBuildConfiguration section */

/* Begin XCConfigurationList section */
		656014131ACB9CE900E7E498 /* Build configuration list for PBXProject "Stcoked" */ = {
			isa = XCConfigurationList;
			buildConfigurations = (
				656014421ACB9CE900E7E498 /* Debug */,
				656014431ACB9CE900E7E498 /* Release */,
			);
			defaultConfigurationIsVisible = 0;
			defaultConfigurationName = Release;
		};
		656014441ACB9CE900E7E498 /* Build configuration list for PBXNativeTarget "Stcoked" */ = {
			isa = XCConfigurationList;
			buildConfigurations = (
				656014451ACB9CE900E7E498 /* Debug */,
				656014461ACB9CE900E7E498 /* Release */,
			);
			defaultConfigurationIsVisible = 0;
			defaultConfigurationName = Release;
		};
		656014471ACB9CE900E7E498 /* Build configuration list for PBXNativeTarget "StcokedTests" */ = {
			isa = XCConfigurationList;
			buildConfigurations = (
				656014481ACB9CE900E7E498 /* Debug */,
				656014491ACB9CE900E7E498 /* Release */,
			);
			defaultConfigurationIsVisible = 0;
			defaultConfigurationName = Release;
		};
/* End XCConfigurationList section */
	};
	rootObject = 656014101ACB9CE900E7E498 /* Project object */;
}
